{
  "name": "AForm",
  "lockfileVersion": 2,
  "requires": true,
  "packages": {
    "": {
      "dependencies": {
        "photoswipe": "^5.2.7"
      }
    },
    "node_modules/photoswipe": {
      "version": "5.2.7",
      "resolved": "https://registry.npmjs.org/photoswipe/-/photoswipe-5.2.7.tgz",
      "integrity": "sha512-AogMba7W/O5gOtDIZ8cQuou1ltwxlaLNoZY1qi1s+kbYXpZk9D6rXxnNGAfDppl+bfe+sKLW2w2sx+3uQ8oPzg==",
      "engines": {
        "node": ">= 0.12.0"
      }
    }
  },
  "dependencies": {
    "photoswipe": {
      "version": "5.2.7",
      "resolved": "https://registry.npmjs.org/photoswipe/-/photoswipe-5.2.7.tgz",
      "integrity": "sha512-AogMba7W/O5gOtDIZ8cQuou1ltwxlaLNoZY1qi1s+kbYXpZk9D6rXxnNGAfDppl+bfe+sKLW2w2sx+3uQ8oPzg=="
    }
  }
}
